<?xml version="1.0" encoding="utf-8"?>
<Project ToolsVersion="17.0" xmlns="http://schemas.microsoft.com/developer/msbuild/2003">
  <ItemGroup>
    <ClCompile Include="G:\Roba\Uni\detectors\New_Ana\AnaEx01.cc">
      <Filter>Source Files</Filter>
    </ClCompile>
    <ClCompile Include="G:\Roba\Uni\detectors\New_Ana\src\ActionInitialization.cc">
      <Filter>Source Files</Filter>
    </ClCompile>
    <ClCompile Include="G:\Roba\Uni\detectors\New_Ana\src\DetectorConstruction.cc">
      <Filter>Source Files</Filter>
    </ClCompile>
    <ClCompile Include="G:\Roba\Uni\detectors\New_Ana\src\DetectorMessenger.cc">
      <Filter>Source Files</Filter>
    </ClCompile>
    <ClCompile Include="G:\Roba\Uni\detectors\New_Ana\src\EventAction.cc">
      <Filter>Source Files</Filter>
    </ClCompile>
    <ClCompile Include="G:\Roba\Uni\detectors\New_Ana\src\HistoManager.cc">
      <Filter>Source Files</Filter>
    </ClCompile>
    <ClCompile Include="G:\Roba\Uni\detectors\New_Ana\src\PrimaryGeneratorAction.cc">
      <Filter>Source Files</Filter>
    </ClCompile>
    <ClCompile Include="G:\Roba\Uni\detectors\New_Ana\src\RunAction.cc">
      <Filter>Source Files</Filter>
    </ClCompile>
    <ClCompile Include="G:\Roba\Uni\detectors\New_Ana\src\SteppingAction.cc">
      <Filter>Source Files</Filter>
    </ClCompile>
  </ItemGroup>
  <ItemGroup>
    <ClInclude Include="G:\Roba\Uni\detectors\New_Ana\include\ActionInitialization.hh">
      <Filter>Header Files</Filter>
    </ClInclude>
    <ClInclude Include="G:\Roba\Uni\detectors\New_Ana\include\DetectorConstruction.hh">
      <Filter>Header Files</Filter>
    </ClInclude>
    <ClInclude Include="G:\Roba\Uni\detectors\New_Ana\include\DetectorMessenger.hh">
      <Filter>Header Files</Filter>
    </ClInclude>
    <ClInclude Include="G:\Roba\Uni\detectors\New_Ana\include\EventAction.hh">
      <Filter>Header Files</Filter>
    </ClInclude>
    <ClInclude Include="G:\Roba\Uni\detectors\New_Ana\include\HistoManager.hh">
      <Filter>Header Files</Filter>
    </ClInclude>
    <ClInclude Include="G:\Roba\Uni\detectors\New_Ana\include\PrimaryGeneratorAction.hh">
      <Filter>Header Files</Filter>
    </ClInclude>
    <ClInclude Include="G:\Roba\Uni\detectors\New_Ana\include\RunAction.hh">
      <Filter>Header Files</Filter>
    </ClInclude>
    <ClInclude Include="G:\Roba\Uni\detectors\New_Ana\include\SteppingAction.hh">
      <Filter>Header Files</Filter>
    </ClInclude>
  </ItemGroup>
  <ItemGroup>
    <CustomBuild Include="G:\Roba\Uni\detectors\New_Ana\CMakeLists.txt" />
  </ItemGroup>
  <ItemGroup>
    <Filter Include="Header Files">
      <UniqueIdentifier>{1E6BB7C6-61FE-3E10-8782-5DB3B7DCFD4D}</UniqueIdentifier>
    </Filter>
    <Filter Include="Source Files">
      <UniqueIdentifier>{0AED17A2-3243-3FD4-8477-B1E59BB4A243}</UniqueIdentifier>
    </Filter>
  </ItemGroup>
</Project>
